
Microsoft Visual Studio Solution File, Format Version 12.00
# Visual Studio Version 16
VisualStudioVersion = 16.0.31321.278
MinimumVisualStudioVersion = 10.0.40219.1
Project("{FAE04EC0-301F-11D3-BF4B-00C04F79EFBC}") = "TYPMobileApp.Android", "TYPMobileApp\TYPMobileApp.Android\TYPMobileApp.Android.csproj", "{A18E1CB3-E193-4E1B-A9AA-EAC80021A0FA}"
EndProject
Project("{FAE04EC0-301F-11D3-BF4B-00C04F79EFBC}") = "TYPMobileApp.iOS", "TYPMobileApp\TYPMobileApp.iOS\TYPMobileApp.iOS.csproj", "{FAD50567-871A-44E3-8BA4-646E45D5C043}"
EndProject
Project("{9A19103F-16F7-4668-BE54-9A1E7A4F7556}") = "TYPMobileApp", "TYPMobileApp\TYPMobileApp\TYPMobileApp.csproj", "{EDF45B51-68F4-4F36-9041-00C38478FEE2}"
EndProject
Global
	GlobalSection(SolutionConfigurationPlatforms) = preSolution
		Debug|Any CPU = Debug|Any CPU
		Debug|iPhone = Debug|iPhone
		Debug|iPhoneSimulator = Debug|iPhoneSimulator
		Release|Any CPU = Release|Any CPU
		Release|iPhone = Release|iPhone
		Release|iPhoneSimulator = Release|iPhoneSimulator
	EndGlobalSection
	GlobalSection(ProjectConfigurationPlatforms) = postSolution
		{A18E1CB3-E193-4E1B-A9AA-EAC80021A0FA}.Debug|Any CPU.ActiveCfg = Debug|Any CPU
		{A18E1CB3-E193-4E1B-A9AA-EAC80021A0FA}.Debug|Any CPU.Build.0 = Debug|Any CPU
		{A18E1CB3-E193-4E1B-A9AA-EAC80021A0FA}.Debug|Any CPU.Deploy.0 = Debug|Any CPU
		{A18E1CB3-E193-4E1B-A9AA-EAC80021A0FA}.Debug|iPhone.ActiveCfg = Debug|Any CPU
		{A18E1CB3-E193-4E1B-A9AA-EAC80021A0FA}.Debug|iPhone.Build.0 = Debug|Any CPU
		{A18E1CB3-E193-4E1B-A9AA-EAC80021A0FA}.Debug|iPhone.Deploy.0 = Debug|Any CPU
		{A18E1CB3-E193-4E1B-A9AA-EAC80021A0FA}.Debug|iPhoneSimulator.ActiveCfg = Debug|Any CPU
		{A18E1CB3-E193-4E1B-A9AA-EAC80021A0FA}.Debug|iPhoneSimulator.Build.0 = Debug|Any CPU
		{A18E1CB3-E193-4E1B-A9AA-EAC80021A0FA}.Debug|iPhoneSimulator.Deploy.0 = Debug|Any CPU
		{A18E1CB3-E193-4E1B-A9AA-EAC80021A0FA}.Release|Any CPU.ActiveCfg = Release|Any CPU
		{A18E1CB3-E193-4E1B-A9AA-EAC80021A0FA}.Release|Any CPU.Build.0 = Release|Any CPU
		{A18E1CB3-E193-4E1B-A9AA-EAC80021A0FA}.Release|Any CPU.Deploy.0 = Release|Any CPU
		{A18E1CB3-E193-4E1B-A9AA-EAC80021A0FA}.Release|iPhone.ActiveCfg = Release|Any CPU
		{A18E1CB3-E193-4E1B-A9AA-EAC80021A0FA}.Release|iPhone.Build.0 = Release|Any CPU
		{A18E1CB3-E193-4E1B-A9AA-EAC80021A0FA}.Release|iPhone.Deploy.0 = Release|Any CPU
		{A18E1CB3-E193-4E1B-A9AA-EAC80021A0FA}.Release|iPhoneSimulator.ActiveCfg = Release|Any CPU
		{A18E1CB3-E193-4E1B-A9AA-EAC80021A0FA}.Release|iPhoneSimulator.Build.0 = Release|Any CPU
		{A18E1CB3-E193-4E1B-A9AA-EAC80021A0FA}.Release|iPhoneSimulator.Deploy.0 = Release|Any CPU
		{FAD50567-871A-44E3-8BA4-646E45D5C043}.Debug|Any CPU.ActiveCfg = Debug|iPhone
		{FAD50567-871A-44E3-8BA4-646E45D5C043}.Debug|Any CPU.Build.0 = Debug|iPhone
		{FAD50567-871A-44E3-8BA4-646E45D5C043}.Debug|Any CPU.Deploy.0 = Debug|iPhone
		{FAD50567-871A-44E3-8BA4-646E45D5C043}.Debug|iPhone.ActiveCfg = Debug|iPhone
		{FAD50567-871A-44E3-8BA4-646E45D5C043}.Debug|iPhone.Build.0 = Debug|iPhone
		{FAD50567-871A-44E3-8BA4-646E45D5C043}.Debug|iPhone.Deploy.0 = Debug|iPhone
		{FAD50567-871A-44E3-8BA4-646E45D5C043}.Debug|iPhoneSimulator.ActiveCfg = Debug|iPhoneSimulator
		{FAD50567-871A-44E3-8BA4-646E45D5C043}.Debug|iPhoneSimulator.Build.0 = Debug|iPhoneSimulator
		{FAD50567-871A-44E3-8BA4-646E45D5C043}.Debug|iPhoneSimulator.Deploy.0 = Debug|iPhoneSimulator
		{FAD50567-871A-44E3-8BA4-646E45D5C043}.Release|Any CPU.ActiveCfg = Release|iPhoneSimulator
		{FAD50567-871A-44E3-8BA4-646E45D5C043}.Release|Any CPU.Build.0 = Release|iPhoneSimulator
		{FAD50567-871A-44E3-8BA4-646E45D5C043}.Release|Any CPU.Deploy.0 = Release|iPhoneSimulator
		{FAD50567-871A-44E3-8BA4-646E45D5C043}.Release|iPhone.ActiveCfg = Release|iPhone
		{FAD50567-871A-44E3-8BA4-646E45D5C043}.Release|iPhone.Build.0 = Release|iPhone
		{FAD50567-871A-44E3-8BA4-646E45D5C043}.Release|iPhone.Deploy.0 = Release|iPhone
		{FAD50567-871A-44E3-8BA4-646E45D5C043}.Release|iPhoneSimulator.ActiveCfg = Release|iPhoneSimulator
		{FAD50567-871A-44E3-8BA4-646E45D5C043}.Release|iPhoneSimulator.Build.0 = Release|iPhoneSimulator
		{FAD50567-871A-44E3-8BA4-646E45D5C043}.Release|iPhoneSimulator.Deploy.0 = Release|iPhoneSimulator
		{EDF45B51-68F4-4F36-9041-00C38478FEE2}.Debug|Any CPU.ActiveCfg = Debug|Any CPU
		{EDF45B51-68F4-4F36-9041-00C38478FEE2}.Debug|Any CPU.Build.0 = Debug|Any CPU
		{EDF45B51-68F4-4F36-9041-00C38478FEE2}.Debug|Any CPU.Deploy.0 = Debug|Any CPU
		{EDF45B51-68F4-4F36-9041-00C38478FEE2}.Debug|iPhone.ActiveCfg = Debug|Any CPU
		{EDF45B51-68F4-4F36-9041-00C38478FEE2}.Debug|iPhone.Build.0 = Debug|Any CPU
		{EDF45B51-68F4-4F36-9041-00C38478FEE2}.Debug|iPhone.Deploy.0 = Debug|Any CPU
		{EDF45B51-68F4-4F36-9041-00C38478FEE2}.Debug|iPhoneSimulator.ActiveCfg = Debug|Any CPU
		{EDF45B51-68F4-4F36-9041-00C38478FEE2}.Debug|iPhoneSimulator.Build.0 = Debug|Any CPU
		{EDF45B51-68F4-4F36-9041-00C38478FEE2}.Debug|iPhoneSimulator.Deploy.0 = Debug|Any CPU
		{EDF45B51-68F4-4F36-9041-00C38478FEE2}.Release|Any CPU.ActiveCfg = Release|Any CPU
		{EDF45B51-68F4-4F36-9041-00C38478FEE2}.Release|Any CPU.Build.0 = Release|Any CPU
		{EDF45B51-68F4-4F36-9041-00C38478FEE2}.Release|Any CPU.Deploy.0 = Release|Any CPU
		{EDF45B51-68F4-4F36-9041-00C38478FEE2}.Release|iPhone.ActiveCfg = Release|Any CPU
		{EDF45B51-68F4-4F36-9041-00C38478FEE2}.Release|iPhone.Build.0 = Release|Any CPU
		{EDF45B51-68F4-4F36-9041-00C38478FEE2}.Release|iPhone.Deploy.0 = Release|Any CPU
		{EDF45B51-68F4-4F36-9041-00C38478FEE2}.Release|iPhoneSimulator.ActiveCfg = Release|Any CPU
		{EDF45B51-68F4-4F36-9041-00C38478FEE2}.Release|iPhoneSimulator.Build.0 = Release|Any CPU
		{EDF45B51-68F4-4F36-9041-00C38478FEE2}.Release|iPhoneSimulator.Deploy.0 = Release|Any CPU
	EndGlobalSection
	GlobalSection(SolutionProperties) = preSolution
		HideSolutionNode = FALSE
	EndGlobalSection
	GlobalSection(ExtensibilityGlobals) = postSolution
		SolutionGuid = {AF61CD9B-9B2D-40EE-8105-780A729E847E}
	EndGlobalSection
EndGlobal
